
Microsoft Visual Studio Solution File, Format Version 12.00
# Visual Studio Version 17
VisualStudioVersion = 17.5.33530.505
MinimumVisualStudioVersion = 10.0.40219.1
Project("{FAE04EC0-301F-11D3-BF4B-00C04F79EFBC}") = "Backend", "Backend.csproj", "{0F790959-3314-4119-AF04-69B62BEFA125}"
EndProject
Global
	GlobalSection(SolutionConfigurationPlatforms) = preSolution
		Debug|Any CPU = Debug|Any CPU
		Release|Any CPU = Release|Any CPU
	EndGlobalSection
	GlobalSection(ProjectConfigurationPlatforms) = postSolution
		{0F790959-3314-4119-AF04-69B62BEFA125}.Debug|Any CPU.ActiveCfg = Debug|Any CPU
		{0F790959-3314-4119-AF04-69B62BEFA125}.Debug|Any CPU.Build.0 = Debug|Any CPU
		{0F790959-3314-4119-AF04-69B62BEFA125}.Release|Any CPU.ActiveCfg = Release|Any CPU
		{0F790959-3314-4119-AF04-69B62BEFA125}.Release|Any CPU.Build.0 = Release|Any CPU
	EndGlobalSection
	GlobalSection(SolutionProperties) = preSolution
		HideSolutionNode = FALSE
	EndGlobalSection
	GlobalSection(ExtensibilityGlobals) = postSolution
		SolutionGuid = {0005DBCE-94F8-4B28-A69F-5F6029A9E6BF}
	EndGlobalSection
EndGlobal
